
Microsoft Visual Studio Solution File, Format Version 12.00
# Visual Studio Version 17
VisualStudioVersion = 17.3.32901.215
MinimumVisualStudioVersion = 10.0.40219.1
Project("{FAE04EC0-301F-11D3-BF4B-00C04F79EFBC}") = "HotelLIsting API", "HotelLIsting API\HotelLIsting API.csproj", "{4AD8EBB9-3BE0-442F-BD31-03ED113E06FD}"
EndProject
Global
	GlobalSection(SolutionConfigurationPlatforms) = preSolution
		Debug|Any CPU = Debug|Any CPU
		Release|Any CPU = Release|Any CPU
	EndGlobalSection
	GlobalSection(ProjectConfigurationPlatforms) = postSolution
		{4AD8EBB9-3BE0-442F-BD31-03ED113E06FD}.Debug|Any CPU.ActiveCfg = Debug|Any CPU
		{4AD8EBB9-3BE0-442F-BD31-03ED113E06FD}.Debug|Any CPU.Build.0 = Debug|Any CPU
		{4AD8EBB9-3BE0-442F-BD31-03ED113E06FD}.Release|Any CPU.ActiveCfg = Release|Any CPU
		{4AD8EBB9-3BE0-442F-BD31-03ED113E06FD}.Release|Any CPU.Build.0 = Release|Any CPU
	EndGlobalSection
	GlobalSection(SolutionProperties) = preSolution
		HideSolutionNode = FALSE
	EndGlobalSection
	GlobalSection(ExtensibilityGlobals) = postSolution
		SolutionGuid = {C00C051E-BA79-4966-AD1D-40D04F876BEA}
	EndGlobalSection
EndGlobal
